// !$*UTF8*$!
{
	archiveVersion = 1;
	classes = {
	};
	objectVersion = 51;
	objects = {

/* Begin PBXBuildFile section */
		79243E242380812700A5ED1E /* AppleMusicManager.swift in Sources */ = {isa = PBXBuildFile; fileRef = 79243E232380812700A5ED1E /* AppleMusicManager.swift */; };
		79243E26238081AA00A5ED1E /* MediaItem.swift in Sources */ = {isa = PBXBuildFile; fileRef = 79243E25238081AA00A5ED1E /* MediaItem.swift */; };
		79243E282380828200A5ED1E /* Artwork.swift in Sources */ = {isa = PBXBuildFile; fileRef = 79243E272380828200A5ED1E /* Artwork.swift */; };
		79243E2A238082AF00A5ED1E /* SerializationError.swift in Sources */ = {isa = PBXBuildFile; fileRef = 79243E29238082AF00A5ED1E /* SerializationError.swift */; };
		79243E2C2380835E00A5ED1E /* ImageCacheManager.swift in Sources */ = {isa = PBXBuildFile; fileRef = 79243E2B2380835E00A5ED1E /* ImageCacheManager.swift */; };
		79243E2E2380901D00A5ED1E /* AppleMusicRequestFactory.swift in Sources */ = {isa = PBXBuildFile; fileRef = 79243E2D2380901D00A5ED1E /* AppleMusicRequestFactory.swift */; };
		79243E302380943900A5ED1E /* JSONKeys.swift in Sources */ = {isa = PBXBuildFile; fileRef = 79243E2F2380943900A5ED1E /* JSONKeys.swift */; };
		79243E322380A23400A5ED1E /* LoginViewController.swift in Sources */ = {isa = PBXBuildFile; fileRef = 79243E312380A23400A5ED1E /* LoginViewController.swift */; };
		794D70882380778600E3122B /* MusicManager.swift in Sources */ = {isa = PBXBuildFile; fileRef = 794D70872380778600E3122B /* MusicManager.swift */; };
		794D708A2380782E00E3122B /* Song.swift in Sources */ = {isa = PBXBuildFile; fileRef = 794D70892380782E00E3122B /* Song.swift */; };
		796B204C2380661300FCA09B /* AppDelegate.swift in Sources */ = {isa = PBXBuildFile; fileRef = 796B204B2380661300FCA09B /* AppDelegate.swift */; };
		796B204E2380661300FCA09B /* SceneDelegate.swift in Sources */ = {isa = PBXBuildFile; fileRef = 796B204D2380661300FCA09B /* SceneDelegate.swift */; };
		796B20502380661300FCA09B /* ViewController.swift in Sources */ = {isa = PBXBuildFile; fileRef = 796B204F2380661300FCA09B /* ViewController.swift */; };
		796B20532380661300FCA09B /* Main.storyboard in Resources */ = {isa = PBXBuildFile; fileRef = 796B20512380661300FCA09B /* Main.storyboard */; };
		796B20552380661600FCA09B /* Assets.xcassets in Resources */ = {isa = PBXBuildFile; fileRef = 796B20542380661600FCA09B /* Assets.xcassets */; };
		796B20582380661600FCA09B /* LaunchScreen.storyboard in Resources */ = {isa = PBXBuildFile; fileRef = 796B20562380661600FCA09B /* LaunchScreen.storyboard */; };
		797B236A2380B05E006FAE72 /* SignUpViewController.swift in Sources */ = {isa = PBXBuildFile; fileRef = 797B23692380B05E006FAE72 /* SignUpViewController.swift */; };
		797B236C2380B0CF006FAE72 /* FeedViewController.swift in Sources */ = {isa = PBXBuildFile; fileRef = 797B236B2380B0CF006FAE72 /* FeedViewController.swift */; };
		797B236E2380C120006FAE72 /* UserViewController.swift in Sources */ = {isa = PBXBuildFile; fileRef = 797B236D2380C120006FAE72 /* UserViewController.swift */; };
		79B4B09F238066AC009F9C02 /* GoogleService-Info.plist in Resources */ = {isa = PBXBuildFile; fileRef = 79B4B09E238066AC009F9C02 /* GoogleService-Info.plist */; };
		E0A98B601CA8988296F1AE5F /* Pods_Deezy.framework in Frameworks */ = {isa = PBXBuildFile; fileRef = 9AA07A90EE6C929534E73B10 /* Pods_Deezy.framework */; };
/* End PBXBuildFile section */

/* Begin PBXFileReference section */
		79243E232380812700A5ED1E /* AppleMusicManager.swift */ = {isa = PBXFileReference; lastKnownFileType = sourcecode.swift; path = AppleMusicManager.swift; sourceTree = "<group>"; };
		79243E25238081AA00A5ED1E /* MediaItem.swift */ = {isa = PBXFileReference; lastKnownFileType = sourcecode.swift; path = MediaItem.swift; sourceTree = "<group>"; };
		79243E272380828200A5ED1E /* Artwork.swift */ = {isa = PBXFileReference; lastKnownFileType = sourcecode.swift; path = Artwork.swift; sourceTree = "<group>"; };
		79243E29238082AF00A5ED1E /* SerializationError.swift */ = {isa = PBXFileReference; lastKnownFileType = sourcecode.swift; path = SerializationError.swift; sourceTree = "<group>"; };
		79243E2B2380835E00A5ED1E /* ImageCacheManager.swift */ = {isa = PBXFileReference; lastKnownFileType = sourcecode.swift; path = ImageCacheManager.swift; sourceTree = "<group>"; };
		79243E2D2380901D00A5ED1E /* AppleMusicRequestFactory.swift */ = {isa = PBXFileReference; lastKnownFileType = sourcecode.swift; path = AppleMusicRequestFactory.swift; sourceTree = "<group>"; };
		79243E2F2380943900A5ED1E /* JSONKeys.swift */ = {isa = PBXFileReference; lastKnownFileType = sourcecode.swift; path = JSONKeys.swift; sourceTree = "<group>"; };
		79243E312380A23400A5ED1E /* LoginViewController.swift */ = {isa = PBXFileReference; lastKnownFileType = sourcecode.swift; path = LoginViewController.swift; sourceTree = "<group>"; };
		794D70872380778600E3122B /* MusicManager.swift */ = {isa = PBXFileReference; lastKnownFileType = sourcecode.swift; path = MusicManager.swift; sourceTree = "<group>"; };
		794D70892380782E00E3122B /* Song.swift */ = {isa = PBXFileReference; lastKnownFileType = sourcecode.swift; path = Song.swift; sourceTree = "<group>"; };
		796B20482380661300FCA09B /* Deezy.app */ = {isa = PBXFileReference; explicitFileType = wrapper.application; includeInIndex = 0; path = Deezy.app; sourceTree = BUILT_PRODUCTS_DIR; };
		796B204B2380661300FCA09B /* AppDelegate.swift */ = {isa = PBXFileReference; lastKnownFileType = sourcecode.swift; path = AppDelegate.swift; sourceTree = "<group>"; };
		796B204D2380661300FCA09B /* SceneDelegate.swift */ = {isa = PBXFileReference; lastKnownFileType = sourcecode.swift; path = SceneDelegate.swift; sourceTree = "<group>"; };
		796B204F2380661300FCA09B /* ViewController.swift */ = {isa = PBXFileReference; lastKnownFileType = sourcecode.swift; path = ViewController.swift; sourceTree = "<group>"; };
		796B20522380661300FCA09B /* Base */ = {isa = PBXFileReference; lastKnownFileType = file.storyboard; name = Base; path = Base.lproj/Main.storyboard; sourceTree = "<group>"; };
		796B20542380661600FCA09B /* Assets.xcassets */ = {isa = PBXFileReference; lastKnownFileType = folder.assetcatalog; path = Assets.xcassets; sourceTree = "<group>"; };
		796B20572380661600FCA09B /* Base */ = {isa = PBXFileReference; lastKnownFileType = file.storyboard; name = Base; path = Base.lproj/LaunchScreen.storyboard; sourceTree = "<group>"; };
		796B20592380661600FCA09B /* Info.plist */ = {isa = PBXFileReference; lastKnownFileType = text.plist.xml; path = Info.plist; sourceTree = "<group>"; };
		797B23692380B05E006FAE72 /* SignUpViewController.swift */ = {isa = PBXFileReference; lastKnownFileType = sourcecode.swift; path = SignUpViewController.swift; sourceTree = "<group>"; };
		797B236B2380B0CF006FAE72 /* FeedViewController.swift */ = {isa = PBXFileReference; lastKnownFileType = sourcecode.swift; path = FeedViewController.swift; sourceTree = "<group>"; };
		797B236D2380C120006FAE72 /* UserViewController.swift */ = {isa = PBXFileReference; lastKnownFileType = sourcecode.swift; path = UserViewController.swift; sourceTree = "<group>"; };
		79B4B09E238066AC009F9C02 /* GoogleService-Info.plist */ = {isa = PBXFileReference; fileEncoding = 4; lastKnownFileType = text.plist.xml; path = "GoogleService-Info.plist"; sourceTree = "<group>"; };
		9AA07A90EE6C929534E73B10 /* Pods_Deezy.framework */ = {isa = PBXFileReference; explicitFileType = wrapper.framework; includeInIndex = 0; path = Pods_Deezy.framework; sourceTree = BUILT_PRODUCTS_DIR; };
		AFC724442BF1FD53E59A840D /* Pods-Deezy.release.xcconfig */ = {isa = PBXFileReference; includeInIndex = 1; lastKnownFileType = text.xcconfig; name = "Pods-Deezy.release.xcconfig"; path = "Target Support Files/Pods-Deezy/Pods-Deezy.release.xcconfig"; sourceTree = "<group>"; };
		B0FBCC454C506E909D64BB1B /* Pods-Deezy.debug.xcconfig */ = {isa = PBXFileReference; includeInIndex = 1; lastKnownFileType = text.xcconfig; name = "Pods-Deezy.debug.xcconfig"; path = "Target Support Files/Pods-Deezy/Pods-Deezy.debug.xcconfig"; sourceTree = "<group>"; };
/* End PBXFileReference section */

/* Begin PBXFrameworksBuildPhase section */
		796B20452380661300FCA09B /* Frameworks */ = {
			isa = PBXFrameworksBuildPhase;
			buildActionMask = 2147483647;
			files = (
				E0A98B601CA8988296F1AE5F /* Pods_Deezy.framework in Frameworks */,
			);
			runOnlyForDeploymentPostprocessing = 0;
		};
/* End PBXFrameworksBuildPhase section */

/* Begin PBXGroup section */
		0EF85B7F2848D9E3709A674F /* Pods */ = {
			isa = PBXGroup;
			children = (
				B0FBCC454C506E909D64BB1B /* Pods-Deezy.debug.xcconfig */,
				AFC724442BF1FD53E59A840D /* Pods-Deezy.release.xcconfig */,
			);
			path = Pods;
			sourceTree = "<group>";
		};
		62DDBA7A75F6716B022BC2D9 /* Frameworks */ = {
			isa = PBXGroup;
			children = (
				9AA07A90EE6C929534E73B10 /* Pods_Deezy.framework */,
			);
			name = Frameworks;
			sourceTree = "<group>";
		};
		79243E332380A3D700A5ED1E /* ViewConcrollers */ = {
			isa = PBXGroup;
			children = (
				79243E312380A23400A5ED1E /* LoginViewController.swift */,
				797B23692380B05E006FAE72 /* SignUpViewController.swift */,
				797B236B2380B0CF006FAE72 /* FeedViewController.swift */,
				797B236D2380C120006FAE72 /* UserViewController.swift */,
			);
			path = ViewConcrollers;
			sourceTree = "<group>";
		};
		794D70862380774000E3122B /* Models */ = {
			isa = PBXGroup;
			children = (
				794D70872380778600E3122B /* MusicManager.swift */,
				794D70892380782E00E3122B /* Song.swift */,
				79243E232380812700A5ED1E /* AppleMusicManager.swift */,
				79243E25238081AA00A5ED1E /* MediaItem.swift */,
				79243E2B2380835E00A5ED1E /* ImageCacheManager.swift */,
				79243E272380828200A5ED1E /* Artwork.swift */,
				79243E29238082AF00A5ED1E /* SerializationError.swift */,
				79243E2D2380901D00A5ED1E /* AppleMusicRequestFactory.swift */,
				79243E2F2380943900A5ED1E /* JSONKeys.swift */,
			);
			path = Models;
			sourceTree = "<group>";
		};
		796B203F2380661300FCA09B = {
			isa = PBXGroup;
			children = (
				79243E332380A3D700A5ED1E /* ViewConcrollers */,
				794D70862380774000E3122B /* Models */,
				796B204A2380661300FCA09B /* Deezy */,
				796B20492380661300FCA09B /* Products */,
				0EF85B7F2848D9E3709A674F /* Pods */,
				62DDBA7A75F6716B022BC2D9 /* Frameworks */,
			);
			sourceTree = "<group>";
		};
		796B20492380661300FCA09B /* Products */ = {
			isa = PBXGroup;
			children = (
				796B20482380661300FCA09B /* Deezy.app */,
			);
			name = Products;
			sourceTree = "<group>";
		};
		796B204A2380661300FCA09B /* Deezy */ = {
			isa = PBXGroup;
			children = (
				796B204B2380661300FCA09B /* AppDelegate.swift */,
				796B204D2380661300FCA09B /* SceneDelegate.swift */,
				796B204F2380661300FCA09B /* ViewController.swift */,
				796B20512380661300FCA09B /* Main.storyboard */,
				796B20542380661600FCA09B /* Assets.xcassets */,
				796B20562380661600FCA09B /* LaunchScreen.storyboard */,
				79B4B09E238066AC009F9C02 /* GoogleService-Info.plist */,
				796B20592380661600FCA09B /* Info.plist */,
			);
			path = Deezy;
			sourceTree = "<group>";
		};
/* End PBXGroup section */

/* Begin PBXNativeTarget section */
		796B20472380661300FCA09B /* Deezy */ = {
			isa = PBXNativeTarget;
			buildConfigurationList = 796B205C2380661600FCA09B /* Build configuration list for PBXNativeTarget "Deezy" */;
			buildPhases = (
				7E36994423DB73BCF3578AA3 /* [CP] Check Pods Manifest.lock */,
				796B20442380661300FCA09B /* Sources */,
				796B20452380661300FCA09B /* Frameworks */,
				796B20462380661300FCA09B /* Resources */,
				CC877F05BDDDCB0BAE9A5CCA /* [CP] Embed Pods Frameworks */,
			);
			buildRules = (
			);
			dependencies = (
			);
			name = Deezy;
			productName = Deezy;
			productReference = 796B20482380661300FCA09B /* Deezy.app */;
			productType = "com.apple.product-type.application";
		};
/* End PBXNativeTarget section */

/* Begin PBXProject section */
		796B20402380661300FCA09B /* Project object */ = {
			isa = PBXProject;
			attributes = {
				LastSwiftUpdateCheck = 1120;
				LastUpgradeCheck = 1120;
				ORGANIZATIONNAME = "William Hickman Ent.";
				TargetAttributes = {
					796B20472380661300FCA09B = {
						CreatedOnToolsVersion = 11.2.1;
					};
				};
			};
			buildConfigurationList = 796B20432380661300FCA09B /* Build configuration list for PBXProject "Deezy" */;
			compatibilityVersion = "Xcode 9.3";
			developmentRegion = en;
			hasScannedForEncodings = 0;
			knownRegions = (
				en,
				Base,
			);
			mainGroup = 796B203F2380661300FCA09B;
			productRefGroup = 796B20492380661300FCA09B /* Products */;
			projectDirPath = "";
			projectRoot = "";
			targets = (
				796B20472380661300FCA09B /* Deezy */,
			);
		};
/* End PBXProject section */

/* Begin PBXResourcesBuildPhase section */
		796B20462380661300FCA09B /* Resources */ = {
			isa = PBXResourcesBuildPhase;
			buildActionMask = 2147483647;
			files = (
				796B20582380661600FCA09B /* LaunchScreen.storyboard in Resources */,
				79B4B09F238066AC009F9C02 /* GoogleService-Info.plist in Resources */,
				796B20552380661600FCA09B /* Assets.xcassets in Resources */,
				796B20532380661300FCA09B /* Main.storyboard in Resources */,
			);
			runOnlyForDeploymentPostprocessing = 0;
		};
/* End PBXResourcesBuildPhase section */

/* Begin PBXShellScriptBuildPhase section */
		7E36994423DB73BCF3578AA3 /* [CP] Check Pods Manifest.lock */ = {
			isa = PBXShellScriptBuildPhase;
			buildActionMask = 2147483647;
			files = (
			);
			inputFileListPaths = (
			);
			inputPaths = (
				"${PODS_PODFILE_DIR_PATH}/Podfile.lock",
				"${PODS_ROOT}/Manifest.lock",
			);
			name = "[CP] Check Pods Manifest.lock";
			outputFileListPaths = (
			);
			outputPaths = (
				"$(DERIVED_FILE_DIR)/Pods-Deezy-checkManifestLockResult.txt",
			);
			runOnlyForDeploymentPostprocessing = 0;
			shellPath = /bin/sh;
			shellScript = "diff \"${PODS_PODFILE_DIR_PATH}/Podfile.lock\" \"${PODS_ROOT}/Manifest.lock\" > /dev/null\nif [ $? != 0 ] ; then\n    # print error to STDERR\n    echo \"error: The sandbox is not in sync with the Podfile.lock. Run 'pod install' or update your CocoaPods installation.\" >&2\n    exit 1\nfi\n# This output is used by Xcode 'outputs' to avoid re-running this script phase.\necho \"SUCCESS\" > \"${SCRIPT_OUTPUT_FILE_0}\"\n";
			showEnvVarsInLog = 0;
		};
		CC877F05BDDDCB0BAE9A5CCA /* [CP] Embed Pods Frameworks */ = {
			isa = PBXShellScriptBuildPhase;
			buildActionMask = 2147483647;
			files = (
			);
			inputFileListPaths = (
				"${PODS_ROOT}/Target Support Files/Pods-Deezy/Pods-Deezy-frameworks-${CONFIGURATION}-input-files.xcfilelist",
			);
			name = "[CP] Embed Pods Frameworks";
			outputFileListPaths = (
				"${PODS_ROOT}/Target Support Files/Pods-Deezy/Pods-Deezy-frameworks-${CONFIGURATION}-output-files.xcfilelist",
			);
			runOnlyForDeploymentPostprocessing = 0;
			shellPath = /bin/sh;
			shellScript = "\"${PODS_ROOT}/Target Support Files/Pods-Deezy/Pods-Deezy-frameworks.sh\"\n";
			showEnvVarsInLog = 0;
		};
/* End PBXShellScriptBuildPhase section */

/* Begin PBXSourcesBuildPhase section */
		796B20442380661300FCA09B /* Sources */ = {
			isa = PBXSourcesBuildPhase;
			buildActionMask = 2147483647;
			files = (
				79243E2A238082AF00A5ED1E /* SerializationError.swift in Sources */,
				797B236E2380C120006FAE72 /* UserViewController.swift in Sources */,
				79243E26238081AA00A5ED1E /* MediaItem.swift in Sources */,
				79243E2C2380835E00A5ED1E /* ImageCacheManager.swift in Sources */,
				796B20502380661300FCA09B /* ViewController.swift in Sources */,
				79243E282380828200A5ED1E /* Artwork.swift in Sources */,
				794D70882380778600E3122B /* MusicManager.swift in Sources */,
				79243E242380812700A5ED1E /* AppleMusicManager.swift in Sources */,
				797B236C2380B0CF006FAE72 /* FeedViewController.swift in Sources */,
				79243E302380943900A5ED1E /* JSONKeys.swift in Sources */,
				797B236A2380B05E006FAE72 /* SignUpViewController.swift in Sources */,
				79243E2E2380901D00A5ED1E /* AppleMusicRequestFactory.swift in Sources */,
				796B204C2380661300FCA09B /* AppDelegate.swift in Sources */,
				796B204E2380661300FCA09B /* SceneDelegate.swift in Sources */,
				79243E322380A23400A5ED1E /* LoginViewController.swift in Sources */,
				794D708A2380782E00E3122B /* Song.swift in Sources */,
			);
			runOnlyForDeploymentPostprocessing = 0;
		};
/* End PBXSourcesBuildPhase section */

/* Begin PBXVariantGroup section */
		796B20512380661300FCA09B /* Main.storyboard */ = {
			isa = PBXVariantGroup;
			children = (
				796B20522380661300FCA09B /* Base */,
			);
			name = Main.storyboard;
			sourceTree = "<group>";
		};
		796B20562380661600FCA09B /* LaunchScreen.storyboard */ = {
			isa = PBXVariantGroup;
			children = (
				796B20572380661600FCA09B /* Base */,
			);
			name = LaunchScreen.storyboard;
			sourceTree = "<group>";
		};
/* End PBXVariantGroup section */

/* Begin XCBuildConfiguration section */
		796B205A2380661600FCA09B /* Debug */ = {
			isa = XCBuildConfiguration;
			buildSettings = {
				ALWAYS_SEARCH_USER_PATHS = NO;
				CLANG_ANALYZER_NONNULL = YES;
				CLANG_ANALYZER_NUMBER_OBJECT_CONVERSION = YES_AGGRESSIVE;
				CLANG_CXX_LANGUAGE_STANDARD = "gnu++14";
				CLANG_CXX_LIBRARY = "libc++";
				CLANG_ENABLE_MODULES = YES;
				CLANG_ENABLE_OBJC_ARC = YES;
				CLANG_ENABLE_OBJC_WEAK = YES;
				CLANG_WARN_BLOCK_CAPTURE_AUTORELEASING = YES;
				CLANG_WARN_BOOL_CONVERSION = YES;
				CLANG_WARN_COMMA = YES;
				CLANG_WARN_CONSTANT_CONVERSION = YES;
				CLANG_WARN_DEPRECATED_OBJC_IMPLEMENTATIONS = YES;
				CLANG_WARN_DIRECT_OBJC_ISA_USAGE = YES_ERROR;
				CLANG_WARN_DOCUMENTATION_COMMENTS = YES;
				CLANG_WARN_EMPTY_BODY = YES;
				CLANG_WARN_ENUM_CONVERSION = YES;
				CLANG_WARN_INFINITE_RECURSION = YES;
				CLANG_WARN_INT_CONVERSION = YES;
				CLANG_WARN_NON_LITERAL_NULL_CONVERSION = YES;
				CLANG_WARN_OBJC_IMPLICIT_RETAIN_SELF = YES;
				CLANG_WARN_OBJC_LITERAL_CONVERSION = YES;
				CLANG_WARN_OBJC_ROOT_CLASS = YES_ERROR;
				CLANG_WARN_RANGE_LOOP_ANALYSIS = YES;
				CLANG_WARN_STRICT_PROTOTYPES = YES;
				CLANG_WARN_SUSPICIOUS_MOVE = YES;
				CLANG_WARN_UNGUARDED_AVAILABILITY = YES_AGGRESSIVE;
				CLANG_WARN_UNREACHABLE_CODE = YES;
				CLANG_WARN__DUPLICATE_METHOD_MATCH = YES;
				COPY_PHASE_STRIP = NO;
				DEBUG_INFORMATION_FORMAT = dwarf;
				ENABLE_STRICT_OBJC_MSGSEND = YES;
				ENABLE_TESTABILITY = YES;
				GCC_C_LANGUAGE_STANDARD = gnu11;
				GCC_DYNAMIC_NO_PIC = NO;
				GCC_NO_COMMON_BLOCKS = YES;
				GCC_OPTIMIZATION_LEVEL = 0;
				GCC_PREPROCESSOR_DEFINITIONS = (
					"DEBUG=1",
					"$(inherited)",
				);
				GCC_WARN_64_TO_32_BIT_CONVERSION = YES;
				GCC_WARN_ABOUT_RETURN_TYPE = YES_ERROR;
				GCC_WARN_UNDECLARED_SELECTOR = YES;
				GCC_WARN_UNINITIALIZED_AUTOS = YES_AGGRESSIVE;
				GCC_WARN_UNUSED_FUNCTION = YES;
				GCC_WARN_UNUSED_VARIABLE = YES;
				IPHONEOS_DEPLOYMENT_TARGET = 13.2;
				MTL_ENABLE_DEBUG_INFO = INCLUDE_SOURCE;
				MTL_FAST_MATH = YES;
				ONLY_ACTIVE_ARCH = YES;
				SDKROOT = iphoneos;
				SWIFT_ACTIVE_COMPILATION_CONDITIONS = DEBUG;
				SWIFT_OPTIMIZATION_LEVEL = "-Onone";
			};
			name = Debug;
		};
		796B205B2380661600FCA09B /* Release */ = {
			isa = XCBuildConfiguration;
			buildSettings = {
				ALWAYS_SEARCH_USER_PATHS = NO;
				CLANG_ANALYZER_NONNULL = YES;
				CLANG_ANALYZER_NUMBER_OBJECT_CONVERSION = YES_AGGRESSIVE;
				CLANG_CXX_LANGUAGE_STANDARD = "gnu++14";
				CLANG_CXX_LIBRARY = "libc++";
				CLANG_ENABLE_MODULES = YES;
				CLANG_ENABLE_OBJC_ARC = YES;
				CLANG_ENABLE_OBJC_WEAK = YES;
				CLANG_WARN_BLOCK_CAPTURE_AUTORELEASING = YES;
				CLANG_WARN_BOOL_CONVERSION = YES;
				CLANG_WARN_COMMA = YES;
				CLANG_WARN_CONSTANT_CONVERSION = YES;
				CLANG_WARN_DEPRECATED_OBJC_IMPLEMENTATIONS = YES;
				CLANG_WARN_DIRECT_OBJC_ISA_USAGE = YES_ERROR;
				CLANG_WARN_DOCUMENTATION_COMMENTS = YES;
				CLANG_WARN_EMPTY_BODY = YES;
				CLANG_WARN_ENUM_CONVERSION = YES;
				CLANG_WARN_INFINITE_RECURSION = YES;
				CLANG_WARN_INT_CONVERSION = YES;
				CLANG_WARN_NON_LITERAL_NULL_CONVERSION = YES;
				CLANG_WARN_OBJC_IMPLICIT_RETAIN_SELF = YES;
				CLANG_WARN_OBJC_LITERAL_CONVERSION = YES;
				CLANG_WARN_OBJC_ROOT_CLASS = YES_ERROR;
				CLANG_WARN_RANGE_LOOP_ANALYSIS = YES;
				CLANG_WARN_STRICT_PROTOTYPES = YES;
				CLANG_WARN_SUSPICIOUS_MOVE = YES;
				CLANG_WARN_UNGUARDED_AVAILABILITY = YES_AGGRESSIVE;
				CLANG_WARN_UNREACHABLE_CODE = YES;
				CLANG_WARN__DUPLICATE_METHOD_MATCH = YES;
				COPY_PHASE_STRIP = NO;
				DEBUG_INFORMATION_FORMAT = "dwarf-with-dsym";
				ENABLE_NS_ASSERTIONS = NO;
				ENABLE_STRICT_OBJC_MSGSEND = YES;
				GCC_C_LANGUAGE_STANDARD = gnu11;
				GCC_NO_COMMON_BLOCKS = YES;
				GCC_WARN_64_TO_32_BIT_CONVERSION = YES;
				GCC_WARN_ABOUT_RETURN_TYPE = YES_ERROR;
				GCC_WARN_UNDECLARED_SELECTOR = YES;
				GCC_WARN_UNINITIALIZED_AUTOS = YES_AGGRESSIVE;
				GCC_WARN_UNUSED_FUNCTION = YES;
				GCC_WARN_UNUSED_VARIABLE = YES;
				IPHONEOS_DEPLOYMENT_TARGET = 13.2;
				MTL_ENABLE_DEBUG_INFO = NO;
				MTL_FAST_MATH = YES;
				SDKROOT = iphoneos;
				SWIFT_COMPILATION_MODE = wholemodule;
				SWIFT_OPTIMIZATION_LEVEL = "-O";
				VALIDATE_PRODUCT = YES;
			};
			name = Release;
		};
		796B205D2380661600FCA09B /* Debug */ = {
			isa = XCBuildConfiguration;
			baseConfigurationReference = B0FBCC454C506E909D64BB1B /* Pods-Deezy.debug.xcconfig */;
			buildSettings = {
				ASSETCATALOG_COMPILER_APPICON_NAME = AppIcon;
				CODE_SIGN_STYLE = Automatic;
				DEVELOPMENT_TEAM = 6LUPL72JSM;
				INFOPLIST_FILE = Deezy/Info.plist;
				LD_RUNPATH_SEARCH_PATHS = (
					"$(inherited)",
					"@executable_path/Frameworks",
				);
				PRODUCT_BUNDLE_IDENTIFIER = calpoly.edu.csc.Deezy;
				PRODUCT_NAME = "$(TARGET_NAME)";
				SWIFT_VERSION = 5.0;
				TARGETED_DEVICE_FAMILY = "1,2";
			};
			name = Debug;
		};
		796B205E2380661600FCA09B /* Release */ = {
			isa = XCBuildConfiguration;
			baseConfigurationReference = AFC724442BF1FD53E59A840D /* Pods-Deezy.release.xcconfig */;
			buildSettings = {
				ASSETCATALOG_COMPILER_APPICON_NAME = AppIcon;
				CODE_SIGN_STYLE = Automatic;
				DEVELOPMENT_TEAM = 6LUPL72JSM;
				INFOPLIST_FILE = Deezy/Info.plist;
				LD_RUNPATH_SEARCH_PATHS = (
					"$(inherited)",
					"@executable_path/Frameworks",
				);
				PRODUCT_BUNDLE_IDENTIFIER = calpoly.edu.csc.Deezy;
				PRODUCT_NAME = "$(TARGET_NAME)";
				SWIFT_VERSION = 5.0;
				TARGETED_DEVICE_FAMILY = "1,2";
			};
			name = Release;
		};
/* End XCBuildConfiguration section */

/* Begin XCConfigurationList section */
		796B20432380661300FCA09B /* Build configuration list for PBXProject "Deezy" */ = {
			isa = XCConfigurationList;
			buildConfigurations = (
				796B205A2380661600FCA09B /* Debug */,
				796B205B2380661600FCA09B /* Release */,
			);
			defaultConfigurationIsVisible = 0;
			defaultConfigurationName = Release;
		};
		796B205C2380661600FCA09B /* Build configuration list for PBXNativeTarget "Deezy" */ = {
			isa = XCConfigurationList;
			buildConfigurations = (
				796B205D2380661600FCA09B /* Debug */,
				796B205E2380661600FCA09B /* Release */,
			);
			defaultConfigurationIsVisible = 0;
			defaultConfigurationName = Release;
		};
/* End XCConfigurationList section */
	};
	rootObject = 796B20402380661300FCA09B /* Project object */;
}
